
Microsoft Visual Studio Solution File, Format Version 12.00
# Visual Studio Version 17
VisualStudioVersion = 17.10.35027.167
MinimumVisualStudioVersion = 10.0.40219.1
Project("{13B669BE-BB05-4DDF-9536-439F39A36129}") = "PHPWebProject1", "PHPWebProject1.phpproj", "{2FF2D182-904B-4D29-B37D-1FFA9D3E70BE}"
EndProject
Global
	GlobalSection(SolutionConfigurationPlatforms) = preSolution
		Debug|Any CPU = Debug|Any CPU
		Release|Any CPU = Release|Any CPU
	EndGlobalSection
	GlobalSection(ProjectConfigurationPlatforms) = postSolution
		{2FF2D182-904B-4D29-B37D-1FFA9D3E70BE}.Debug|Any CPU.ActiveCfg = Debug|Any CPU
		{2FF2D182-904B-4D29-B37D-1FFA9D3E70BE}.Debug|Any CPU.Build.0 = Debug|Any CPU
		{2FF2D182-904B-4D29-B37D-1FFA9D3E70BE}.Release|Any CPU.ActiveCfg = Release|Any CPU
		{2FF2D182-904B-4D29-B37D-1FFA9D3E70BE}.Release|Any CPU.Build.0 = Release|Any CPU
	EndGlobalSection
	GlobalSection(SolutionProperties) = preSolution
		HideSolutionNode = FALSE
	EndGlobalSection
	GlobalSection(ExtensibilityGlobals) = postSolution
		SolutionGuid = {FCE0556A-108C-477B-ADC1-AC7168C40C84}
	EndGlobalSection
EndGlobal
